
Microsoft Visual Studio Solution File, Format Version 12.00
Project("{FAE04EC0-301F-11D3-BF4B-00C04F79EFBC}") = "WordleBattle.Auth.Api", "WordleBattle.Auth.Api\WordleBattle.Auth.Api.csproj", "{BE3C1B23-D398-4661-AA89-46F493560775}"
EndProject
Project("{2150E333-8FDC-42A3-9474-1A3956D46DE8}") = "Solution Items", "Solution Items", "{9701EC2A-CDC5-4A10-B4DA-03A62EAC099F}"
	ProjectSection(SolutionItems) = preProject
		compose.yaml = compose.yaml
	EndProjectSection
EndProject
Project("{FAE04EC0-301F-11D3-BF4B-00C04F79EFBC}") = "WordleBattle.Auth.Domain", "WordleBattle.Auth.Domain\WordleBattle.Auth.Domain.csproj", "{C7B4E7BD-8DD8-4EFB-AB2C-5BA62C7070E2}"
EndProject
Project("{FAE04EC0-301F-11D3-BF4B-00C04F79EFBC}") = "WordleBattle.Auth.Infrastructure", "WordleBattle.Auth.Infrastructure\WordleBattle.Auth.Infrastructure.csproj", "{A93EA7A0-3520-4418-95B5-8B4012AE778B}"
EndProject
Project("{FAE04EC0-301F-11D3-BF4B-00C04F79EFBC}") = "WordleBattle.Auth.Application", "WordleBattle.Auth.Application\WordleBattle.Auth.Application.csproj", "{A96CF2FE-98A3-4DD3-BA84-4A0B6D28DF2F}"
EndProject
Global
	GlobalSection(SolutionConfigurationPlatforms) = preSolution
		Debug|Any CPU = Debug|Any CPU
		Release|Any CPU = Release|Any CPU
	EndGlobalSection
	GlobalSection(ProjectConfigurationPlatforms) = postSolution
		{BE3C1B23-D398-4661-AA89-46F493560775}.Debug|Any CPU.ActiveCfg = Debug|Any CPU
		{BE3C1B23-D398-4661-AA89-46F493560775}.Debug|Any CPU.Build.0 = Debug|Any CPU
		{BE3C1B23-D398-4661-AA89-46F493560775}.Release|Any CPU.ActiveCfg = Release|Any CPU
		{BE3C1B23-D398-4661-AA89-46F493560775}.Release|Any CPU.Build.0 = Release|Any CPU
		{C7B4E7BD-8DD8-4EFB-AB2C-5BA62C7070E2}.Debug|Any CPU.ActiveCfg = Debug|Any CPU
		{C7B4E7BD-8DD8-4EFB-AB2C-5BA62C7070E2}.Debug|Any CPU.Build.0 = Debug|Any CPU
		{C7B4E7BD-8DD8-4EFB-AB2C-5BA62C7070E2}.Release|Any CPU.ActiveCfg = Release|Any CPU
		{C7B4E7BD-8DD8-4EFB-AB2C-5BA62C7070E2}.Release|Any CPU.Build.0 = Release|Any CPU
		{A93EA7A0-3520-4418-95B5-8B4012AE778B}.Debug|Any CPU.ActiveCfg = Debug|Any CPU
		{A93EA7A0-3520-4418-95B5-8B4012AE778B}.Debug|Any CPU.Build.0 = Debug|Any CPU
		{A93EA7A0-3520-4418-95B5-8B4012AE778B}.Release|Any CPU.ActiveCfg = Release|Any CPU
		{A93EA7A0-3520-4418-95B5-8B4012AE778B}.Release|Any CPU.Build.0 = Release|Any CPU
		{A96CF2FE-98A3-4DD3-BA84-4A0B6D28DF2F}.Debug|Any CPU.ActiveCfg = Debug|Any CPU
		{A96CF2FE-98A3-4DD3-BA84-4A0B6D28DF2F}.Debug|Any CPU.Build.0 = Debug|Any CPU
		{A96CF2FE-98A3-4DD3-BA84-4A0B6D28DF2F}.Release|Any CPU.ActiveCfg = Release|Any CPU
		{A96CF2FE-98A3-4DD3-BA84-4A0B6D28DF2F}.Release|Any CPU.Build.0 = Release|Any CPU
	EndGlobalSection
EndGlobal
